
Microsoft Visual Studio Solution File, Format Version 12.00
# Visual Studio Version 17
VisualStudioVersion = 17.2.32519.379
MinimumVisualStudioVersion = 10.0.40219.1
Project("{FAE04EC0-301F-11D3-BF4B-00C04F79EFBC}") = "TODO", "TODO\TODO.csproj", "{79A7D415-7DE8-4363-B6DC-0429BFAAC025}"
EndProject
Global
	GlobalSection(SolutionConfigurationPlatforms) = preSolution
		Debug|Any CPU = Debug|Any CPU
		Release|Any CPU = Release|Any CPU
	EndGlobalSection
	GlobalSection(ProjectConfigurationPlatforms) = postSolution
		{79A7D415-7DE8-4363-B6DC-0429BFAAC025}.Debug|Any CPU.ActiveCfg = Debug|Any CPU
		{79A7D415-7DE8-4363-B6DC-0429BFAAC025}.Debug|Any CPU.Build.0 = Debug|Any CPU
		{79A7D415-7DE8-4363-B6DC-0429BFAAC025}.Release|Any CPU.ActiveCfg = Release|Any CPU
		{79A7D415-7DE8-4363-B6DC-0429BFAAC025}.Release|Any CPU.Build.0 = Release|Any CPU
	EndGlobalSection
	GlobalSection(SolutionProperties) = preSolution
		HideSolutionNode = FALSE
	EndGlobalSection
	GlobalSection(ExtensibilityGlobals) = postSolution
		SolutionGuid = {596DA606-2EA5-43DB-8823-E94176905F1E}
	EndGlobalSection
EndGlobal
